# generated by rye
# use `rye lock` or `rye sync` to update this lockfile
#
# last locked with the following flags:
#   pre: false
#   features: []
#   all-features: false
#   with-sources: false
#   generate-hashes: false
#   universal: false

-e file:.
colorama==0.4.6
    # via pytest
iniconfig==2.0.0
    # via pytest
mypy==1.11.0
    # via interpreter
mypy-extensions==1.0.0
    # via mypy
packaging==24.1
    # via pytest
pluggy==1.5.0
    # via pytest
pytest==8.2.2
    # via interpreter
typing-extensions==4.12.2
    # via mypy
